
Microsoft Visual Studio Solution File, Format Version 12.00
# Visual Studio Version 17
VisualStudioVersion = 17.6.33801.468
MinimumVisualStudioVersion = 10.0.40219.1
Project("{FAE04EC0-301F-11D3-BF4B-00C04F79EFBC}") = "mesajlasma_uygulamasi", "mesajlasma_uygulamasi\mesajlasma_uygulamasi.csproj", "{7C656993-292F-4BF1-BD30-01D63D2FA783}"
EndProject
Project("{FAE04EC0-301F-11D3-BF4B-00C04F79EFBC}") = "Wpf", "Wpf\Wpf.csproj", "{3D93B839-3AF9-4106-B781-D6173CDCF31C}"
EndProject
Global
	GlobalSection(SolutionConfigurationPlatforms) = preSolution
		Debug|Any CPU = Debug|Any CPU
		Release|Any CPU = Release|Any CPU
	EndGlobalSection
	GlobalSection(ProjectConfigurationPlatforms) = postSolution
		{7C656993-292F-4BF1-BD30-01D63D2FA783}.Debug|Any CPU.ActiveCfg = Debug|Any CPU
		{7C656993-292F-4BF1-BD30-01D63D2FA783}.Debug|Any CPU.Build.0 = Debug|Any CPU
		{7C656993-292F-4BF1-BD30-01D63D2FA783}.Release|Any CPU.ActiveCfg = Release|Any CPU
		{7C656993-292F-4BF1-BD30-01D63D2FA783}.Release|Any CPU.Build.0 = Release|Any CPU
		{3D93B839-3AF9-4106-B781-D6173CDCF31C}.Debug|Any CPU.ActiveCfg = Debug|Any CPU
		{3D93B839-3AF9-4106-B781-D6173CDCF31C}.Debug|Any CPU.Build.0 = Debug|Any CPU
		{3D93B839-3AF9-4106-B781-D6173CDCF31C}.Release|Any CPU.ActiveCfg = Release|Any CPU
		{3D93B839-3AF9-4106-B781-D6173CDCF31C}.Release|Any CPU.Build.0 = Release|Any CPU
	EndGlobalSection
	GlobalSection(SolutionProperties) = preSolution
		HideSolutionNode = FALSE
	EndGlobalSection
	GlobalSection(ExtensibilityGlobals) = postSolution
		SolutionGuid = {E2316101-2C52-4CAC-8838-8CBF7CD2D0BF}
	EndGlobalSection
EndGlobal
